{
  "name": "echo-monorepo",
  "version": "0.1.0",
  "lockfileVersion": 3,
  "requires": true,
  "packages": {
    "": {
      "name": "echo-monorepo",
      "version": "0.1.0",
      "devDependencies": {
        "gltfpack": "1.1.0"
      },
      "engines": {
        "node": ">=22.0.0",
        "pnpm": ">=9.0.0"
      }
    },
    "node_modules/.pnpm/gltfpack@1.1.0/node_modules/gltfpack": {
      "version": "1.1.0",
      "dev": true,
      "license": "MIT",
      "bin": {
        "gltfpack": "cli.js"
      },
      "engines": {
        "node": ">=18"
      }
    },
    "node_modules/gltfpack": {
      "resolved": "node_modules/.pnpm/gltfpack@1.1.0/node_modules/gltfpack",
      "link": true
    }
  }
}
